
Microsoft Visual Studio Solution File, Format Version 12.00
# Visual Studio Version 16
VisualStudioVersion = 16.0.31424.327
MinimumVisualStudioVersion = 10.0.40219.1
Project("{FAE04EC0-301F-11D3-BF4B-00C04F79EFBC}") = "FiorelloP125", "FiorelloP125\FiorelloP125.csproj", "{C0537411-1B32-4EF2-A87C-22281F079100}"
EndProject
Global
	GlobalSection(SolutionConfigurationPlatforms) = preSolution
		Debug|Any CPU = Debug|Any CPU
		Release|Any CPU = Release|Any CPU
	EndGlobalSection
	GlobalSection(ProjectConfigurationPlatforms) = postSolution
		{C0537411-1B32-4EF2-A87C-22281F079100}.Debug|Any CPU.ActiveCfg = Debug|Any CPU
		{C0537411-1B32-4EF2-A87C-22281F079100}.Debug|Any CPU.Build.0 = Debug|Any CPU
		{C0537411-1B32-4EF2-A87C-22281F079100}.Release|Any CPU.ActiveCfg = Release|Any CPU
		{C0537411-1B32-4EF2-A87C-22281F079100}.Release|Any CPU.Build.0 = Release|Any CPU
	EndGlobalSection
	GlobalSection(SolutionProperties) = preSolution
		HideSolutionNode = FALSE
	EndGlobalSection
	GlobalSection(ExtensibilityGlobals) = postSolution
		SolutionGuid = {BF8309A1-2189-456E-A2C8-F24CA01A4C84}
	EndGlobalSection
EndGlobal
